
Microsoft Visual Studio Solution File, Format Version 12.00
# Visual Studio 15
VisualStudioVersion = 15.0.28307.168
MinimumVisualStudioVersion = 10.0.40219.1
Project("{FAE04EC0-301F-11D3-BF4B-00C04F79EFBC}") = "1612797_SalesManagementApplication", "1612797_SalesManagementApplication\1612797_SalesManagementApplication.csproj", "{D5E3945B-07C3-4EFD-9751-B0BC0A656C1A}"
EndProject
Global
	GlobalSection(SolutionConfigurationPlatforms) = preSolution
		Debug|Any CPU = Debug|Any CPU
		Release|Any CPU = Release|Any CPU
	EndGlobalSection
	GlobalSection(ProjectConfigurationPlatforms) = postSolution
		{D5E3945B-07C3-4EFD-9751-B0BC0A656C1A}.Debug|Any CPU.ActiveCfg = Debug|Any CPU
		{D5E3945B-07C3-4EFD-9751-B0BC0A656C1A}.Debug|Any CPU.Build.0 = Debug|Any CPU
		{D5E3945B-07C3-4EFD-9751-B0BC0A656C1A}.Release|Any CPU.ActiveCfg = Release|Any CPU
		{D5E3945B-07C3-4EFD-9751-B0BC0A656C1A}.Release|Any CPU.Build.0 = Release|Any CPU
	EndGlobalSection
	GlobalSection(SolutionProperties) = preSolution
		HideSolutionNode = FALSE
	EndGlobalSection
	GlobalSection(ExtensibilityGlobals) = postSolution
		SolutionGuid = {7BE69CA0-B766-4094-A902-0D86E67617C7}
	EndGlobalSection
EndGlobal
